// !$*UTF8*$!
{
	archiveVersion = 1;
	classes = {
	};
	objectVersion = 50;
	objects = {

/* Begin PBXBuildFile section */
		5ABA6EAA2223EB44009D113F /* Foundation.framework in Frameworks */ = {isa = PBXBuildFile; fileRef = 5ABA6EA92223EB44009D113F /* Foundation.framework */; };
		5ABA6EB22223EB44009D113F /* MGTVCrack.mm in Sources */ = {isa = PBXBuildFile; fileRef = 5ABA6EB12223EB44009D113F /* MGTVCrack.mm */; };
/* End PBXBuildFile section */

/* Begin PBXFileReference section */
		5ABA6EA62223EB44009D113F /* MGTVCrack.dylib */ = {isa = PBXFileReference; explicitFileType = "compiled.mach-o.dylib"; includeInIndex = 0; path = MGTVCrack.dylib; sourceTree = BUILT_PRODUCTS_DIR; };
		5ABA6EA92223EB44009D113F /* Foundation.framework */ = {isa = PBXFileReference; lastKnownFileType = wrapper.framework; name = Foundation.framework; path = System/Library/Frameworks/Foundation.framework; sourceTree = SDKROOT; };
		5ABA6EAE2223EB44009D113F /* control */ = {isa = PBXFileReference; lastKnownFileType = text; name = control; path = Package/DEBIAN/control; sourceTree = "<group>"; };
		5ABA6EB02223EB44009D113F /* MGTVCrack-Prefix.pch */ = {isa = PBXFileReference; lastKnownFileType = sourcecode.c.h; path = "MGTVCrack-Prefix.pch"; sourceTree = "<group>"; };
		5ABA6EB12223EB44009D113F /* MGTVCrack.mm */ = {isa = PBXFileReference; lastKnownFileType = sourcecode.cpp.objcpp; path = MGTVCrack.mm; sourceTree = "<group>"; };
		5ABA6EB62223EB44009D113F /* MGTVCrack.plist */ = {isa = PBXFileReference; lastKnownFileType = text.plist.xml; name = MGTVCrack.plist; path = Package/Library/MobileSubstrate/DynamicLibraries/MGTVCrack.plist; sourceTree = "<group>"; };
/* End PBXFileReference section */

/* Begin PBXFrameworksBuildPhase section */
		5ABA6EA22223EB44009D113F /* Frameworks */ = {
			isa = PBXFrameworksBuildPhase;
			buildActionMask = 2147483647;
			files = (
				5ABA6EAA2223EB44009D113F /* Foundation.framework in Frameworks */,
			);
			runOnlyForDeploymentPostprocessing = 0;
		};
/* End PBXFrameworksBuildPhase section */

/* Begin PBXGroup section */
		5ABA6E9C2223EB44009D113F = {
			isa = PBXGroup;
			children = (
				5ABA6EAB2223EB44009D113F /* MGTVCrack */,
				5ABA6EA82223EB44009D113F /* Frameworks */,
				5ABA6EA72223EB44009D113F /* Products */,
			);
			sourceTree = "<group>";
		};
		5ABA6EA72223EB44009D113F /* Products */ = {
			isa = PBXGroup;
			children = (
				5ABA6EA62223EB44009D113F /* MGTVCrack.dylib */,
			);
			name = Products;
			sourceTree = "<group>";
		};
		5ABA6EA82223EB44009D113F /* Frameworks */ = {
			isa = PBXGroup;
			children = (
				5ABA6EA92223EB44009D113F /* Foundation.framework */,
			);
			name = Frameworks;
			sourceTree = "<group>";
		};
		5ABA6EAB2223EB44009D113F /* MGTVCrack */ = {
			isa = PBXGroup;
			children = (
				5ABA6EB12223EB44009D113F /* MGTVCrack.mm */,
				5ABA6EAC2223EB44009D113F /* Package */,
				5ABA6EAF2223EB44009D113F /* Supporting Files */,
			);
			path = MGTVCrack;
			sourceTree = "<group>";
		};
		5ABA6EAC2223EB44009D113F /* Package */ = {
			isa = PBXGroup;
			children = (
				5ABA6EAD2223EB44009D113F /* DEBIAN */,
				5ABA6EB32223EB44009D113F /* Library */,
			);
			name = Package;
			sourceTree = "<group>";
		};
		5ABA6EAD2223EB44009D113F /* DEBIAN */ = {
			isa = PBXGroup;
			children = (
				5ABA6EAE2223EB44009D113F /* control */,
			);
			name = DEBIAN;
			sourceTree = "<group>";
		};
		5ABA6EAF2223EB44009D113F /* Supporting Files */ = {
			isa = PBXGroup;
			children = (
				5ABA6EB02223EB44009D113F /* MGTVCrack-Prefix.pch */,
			);
			name = "Supporting Files";
			sourceTree = "<group>";
		};
		5ABA6EB32223EB44009D113F /* Library */ = {
			isa = PBXGroup;
			children = (
				5ABA6EB42223EB44009D113F /* MobileSubstrate */,
			);
			name = Library;
			sourceTree = "<group>";
		};
		5ABA6EB42223EB44009D113F /* MobileSubstrate */ = {
			isa = PBXGroup;
			children = (
				5ABA6EB52223EB44009D113F /* DynamicLibraries */,
			);
			name = MobileSubstrate;
			sourceTree = "<group>";
		};
		5ABA6EB52223EB44009D113F /* DynamicLibraries */ = {
			isa = PBXGroup;
			children = (
				5ABA6EB62223EB44009D113F /* MGTVCrack.plist */,
			);
			name = DynamicLibraries;
			sourceTree = "<group>";
		};
/* End PBXGroup section */

/* Begin PBXHeadersBuildPhase section */
		5ABA6EA32223EB44009D113F /* Headers */ = {
			isa = PBXHeadersBuildPhase;
			buildActionMask = 2147483647;
			files = (
			);
			runOnlyForDeploymentPostprocessing = 0;
		};
/* End PBXHeadersBuildPhase section */

/* Begin PBXNativeTarget section */
		5ABA6EA52223EB44009D113F /* MGTVCrack */ = {
			isa = PBXNativeTarget;
			buildConfigurationList = 5ABA6EB92223EB44009D113F /* Build configuration list for PBXNativeTarget "MGTVCrack" */;
			buildPhases = (
				5ABA6EA12223EB44009D113F /* Sources */,
				5ABA6EA22223EB44009D113F /* Frameworks */,
				5ABA6EA32223EB44009D113F /* Headers */,
				5ABA6EA42223EB44009D113F /* ShellScript */,
			);
			buildRules = (
			);
			dependencies = (
			);
			name = MGTVCrack;
			productName = MGTVCrack;
			productReference = 5ABA6EA62223EB44009D113F /* MGTVCrack.dylib */;
			productType = "com.apple.product-type.library.dynamic";
		};
/* End PBXNativeTarget section */

/* Begin PBXProject section */
		5ABA6E9D2223EB44009D113F /* Project object */ = {
			isa = PBXProject;
			attributes = {
				LastUpgradeCheck = 1010;
				TargetAttributes = {
					5ABA6EA52223EB44009D113F = {
						CreatedOnToolsVersion = 10.1;
					};
				};
			};
			buildConfigurationList = 5ABA6EA02223EB44009D113F /* Build configuration list for PBXProject "MGTVCrack" */;
			compatibilityVersion = "Xcode 9.3";
			developmentRegion = en;
			hasScannedForEncodings = 0;
			knownRegions = (
				en,
			);
			mainGroup = 5ABA6E9C2223EB44009D113F;
			productRefGroup = 5ABA6EA72223EB44009D113F /* Products */;
			projectDirPath = "";
			projectRoot = "";
			targets = (
				5ABA6EA52223EB44009D113F /* MGTVCrack */,
			);
		};
/* End PBXProject section */

/* Begin PBXShellScriptBuildPhase section */
		5ABA6EA42223EB44009D113F /* ShellScript */ = {
			isa = PBXShellScriptBuildPhase;
			buildActionMask = 2147483647;
			files = (
			);
			inputFileListPaths = (
			);
			inputPaths = (
			);
			outputFileListPaths = (
			);
			outputPaths = (
			);
			runOnlyForDeploymentPostprocessing = 0;
			shellPath = /bin/sh;
			shellScript = "/opt/MonkeyDev/bin/md --xcbp";
		};
/* End PBXShellScriptBuildPhase section */

/* Begin PBXSourcesBuildPhase section */
		5ABA6EA12223EB44009D113F /* Sources */ = {
			isa = PBXSourcesBuildPhase;
			buildActionMask = 2147483647;
			files = (
				5ABA6EB22223EB44009D113F /* MGTVCrack.mm in Sources */,
			);
			runOnlyForDeploymentPostprocessing = 0;
		};
/* End PBXSourcesBuildPhase section */

/* Begin XCBuildConfiguration section */
		5ABA6EB72223EB44009D113F /* Release */ = {
			isa = XCBuildConfiguration;
			buildSettings = {
				CODE_SIGN_IDENTITY = "iPhone Developer";
				COPY_PHASE_STRIP = YES;
				EXCLUDED_RECURSIVE_SEARCH_PATH_SUBDIRECTORIES = "*.nib *.lproj *.gch (*) .DS_Store CVS .svn .git .hg *.xcodeproj *.xcode *.pbproj *.pbxproj";
				FRAMEWORK_SEARCH_PATHS = (
					"$(MonkeyDevPath)/frameworks/**",
					"$(MonkeyDevTheosPath)/vendor/lib",
				);
				GCC_C_LANGUAGE_STANDARD = gnu99;
				GCC_WARN_ABOUT_MISSING_PROTOTYPES = YES;
				GCC_WARN_ABOUT_RETURN_TYPE = YES;
				GCC_WARN_UNUSED_VARIABLE = YES;
				HEADER_SEARCH_PATHS = "$(MonkeyDevTheosPath)/vendor/include/**";
				IPHONEOS_DEPLOYMENT_TARGET = 8.0;
				LIBRARY_SEARCH_PATHS = "$(MonkeyDevTheosPath)/vendor/lib/**";
				MonkeyDevPath = /opt/MonkeyDev;
				MonkeyDevTheosPath = /opt/theos;
				OTHER_CFLAGS = "-DTHEOS_INSTANCE_NAME=\"\\\"MGTVCrack\\\"\"";
				SDKROOT = iphoneos;
				TARGETED_DEVICE_FAMILY = "1,2";
				VALIDATE_PRODUCT = YES;
			};
			name = Release;
		};
		5ABA6EB82223EB44009D113F /* Debug */ = {
			isa = XCBuildConfiguration;
			buildSettings = {
				CODE_SIGN_IDENTITY = "iPhone Developer";
				COPY_PHASE_STRIP = NO;
				EXCLUDED_RECURSIVE_SEARCH_PATH_SUBDIRECTORIES = "*.nib *.lproj *.gch (*) .DS_Store CVS .svn .git .hg *.xcodeproj *.xcode *.pbproj *.pbxproj";
				FRAMEWORK_SEARCH_PATHS = (
					"$(MonkeyDevPath)/frameworks/**",
					"$(MonkeyDevTheosPath)/vendor/lib",
				);
				GCC_C_LANGUAGE_STANDARD = gnu99;
				GCC_DYNAMIC_NO_PIC = NO;
				GCC_OPTIMIZATION_LEVEL = 0;
				GCC_PREPROCESSOR_DEFINITIONS = (
					"DEBUG=1",
					"$(inherited)",
				);
				GCC_SYMBOLS_PRIVATE_EXTERN = NO;
				GCC_WARN_ABOUT_MISSING_PROTOTYPES = YES;
				GCC_WARN_ABOUT_RETURN_TYPE = YES;
				GCC_WARN_UNUSED_VARIABLE = YES;
				HEADER_SEARCH_PATHS = "$(MonkeyDevTheosPath)/vendor/include/**";
				IPHONEOS_DEPLOYMENT_TARGET = 8.0;
				LIBRARY_SEARCH_PATHS = "$(MonkeyDevTheosPath)/vendor/lib/**";
				MonkeyDevPath = /opt/MonkeyDev;
				MonkeyDevTheosPath = /opt/theos;
				ONLY_ACTIVE_ARCH = YES;
				OTHER_CFLAGS = "-DTHEOS_INSTANCE_NAME=\"\\\"MGTVCrack\\\"\"";
				SDKROOT = iphoneos;
				TARGETED_DEVICE_FAMILY = "1,2";
				VALIDATE_PRODUCT = NO;
			};
			name = Debug;
		};
		5ABA6EBA2223EB44009D113F /* Release */ = {
			isa = XCBuildConfiguration;
			buildSettings = {
				CLANG_ENABLE_OBJC_ARC = YES;
				CODE_SIGN_IDENTITY = "";
				CODE_SIGN_STYLE = Automatic;
				DYLIB_COMPATIBILITY_VERSION = 1;
				DYLIB_CURRENT_VERSION = 1;
				GCC_PRECOMPILE_PREFIX_HEADER = YES;
				GCC_PREFIX_HEADER = "MGTVCrack/MGTVCrack-Prefix.pch";
				HEADER_SEARCH_PATHS = (
					"$(MonkeyDevPath)/include",
					"$(MonkeyDevTheosPath)/vendor/include/**",
				);
				INSTALL_PATH = /Library/MobileSubstrate/DynamicLibraries;
				MonkeyDevBuildPackageOnAnyBuild = NO;
				MonkeyDevClearUiCacheOnInstall = NO;
				MonkeyDevCopyOnBuild = NO;
				MonkeyDevDeviceIP = 192.168.20.117;
				MonkeyDevDevicePassword = alpine;
				MonkeyDevDevicePort = "";
				MonkeyDevInstallOnAnyBuild = YES;
				MonkeyDevInstallOnProfiling = YES;
				MonkeyDevkillProcessOnInstall = "MGTV-iPhone-appstore";
				PRODUCT_NAME = "$(TARGET_NAME)";
				TARGETED_DEVICE_FAMILY = "1,2";
			};
			name = Release;
		};
		5ABA6EBB2223EB44009D113F /* Debug */ = {
			isa = XCBuildConfiguration;
			buildSettings = {
				CLANG_ENABLE_OBJC_ARC = YES;
				CODE_SIGN_IDENTITY = "";
				CODE_SIGN_STYLE = Automatic;
				DYLIB_COMPATIBILITY_VERSION = 1;
				DYLIB_CURRENT_VERSION = 1;
				GCC_PRECOMPILE_PREFIX_HEADER = YES;
				GCC_PREFIX_HEADER = "MGTVCrack/MGTVCrack-Prefix.pch";
				HEADER_SEARCH_PATHS = (
					"$(MonkeyDevPath)/include",
					"$(MonkeyDevTheosPath)/vendor/include/**",
				);
				INSTALL_PATH = /Library/MobileSubstrate/DynamicLibraries;
				MonkeyDevBuildPackageOnAnyBuild = NO;
				MonkeyDevClearUiCacheOnInstall = NO;
				MonkeyDevCopyOnBuild = NO;
				MonkeyDevDeviceIP = 192.168.20.117;
				MonkeyDevDevicePassword = alpine;
				MonkeyDevDevicePort = "";
				MonkeyDevInstallOnAnyBuild = YES;
				MonkeyDevInstallOnProfiling = YES;
				MonkeyDevkillProcessOnInstall = "MGTV-iPhone-appstore";
				PRODUCT_NAME = "$(TARGET_NAME)";
				TARGETED_DEVICE_FAMILY = "1,2";
			};
			name = Debug;
		};
/* End XCBuildConfiguration section */

/* Begin XCConfigurationList section */
		5ABA6EA02223EB44009D113F /* Build configuration list for PBXProject "MGTVCrack" */ = {
			isa = XCConfigurationList;
			buildConfigurations = (
				5ABA6EB72223EB44009D113F /* Release */,
				5ABA6EB82223EB44009D113F /* Debug */,
			);
			defaultConfigurationIsVisible = 0;
			defaultConfigurationName = Release;
		};
		5ABA6EB92223EB44009D113F /* Build configuration list for PBXNativeTarget "MGTVCrack" */ = {
			isa = XCConfigurationList;
			buildConfigurations = (
				5ABA6EBA2223EB44009D113F /* Release */,
				5ABA6EBB2223EB44009D113F /* Debug */,
			);
			defaultConfigurationIsVisible = 0;
			defaultConfigurationName = Release;
		};
/* End XCConfigurationList section */
	};
	rootObject = 5ABA6E9D2223EB44009D113F /* Project object */;
}
