PODS:
  - FLEX (3.0.0)

DEPENDENCIES:
  - FLEX (from `https://github.com/keepyounger/FLEX.git`)

EXTERNAL SOURCES:
  FLEX:
    :git: https://github.com/keepyounger/FLEX.git

CHECKOUT OPTIONS:
  FLEX:
    :commit: c45f1954beb76285c8cc54db749591d3e5c96c6d
    :git: https://github.com/keepyounger/FLEX.git

SPEC CHECKSUMS:
  FLEX: e9e52cb8d6f769d9ae25a4ff90142e9d1a614585

PODFILE CHECKSUM: 1111668b278f0a009d708b577102a5be868bdd7e

COCOAPODS: 1.6.1
